
Microsoft Visual Studio Solution File, Format Version 12.00
# Visual Studio 15
VisualStudioVersion = 15.0.28307.271
MinimumVisualStudioVersion = 10.0.40219.1
Project("{8BC9CEB8-8B4A-11D0-8D11-00A0C91BC942}") = "Øving 2", "Øving 2\Øving 2.vcxproj", "{7846FDBB-329B-4890-A7F4-1868D36342FB}"
EndProject
Global
	GlobalSection(SolutionConfigurationPlatforms) = preSolution
		Debug|x64 = Debug|x64
		Debug|x86 = Debug|x86
		Release|x64 = Release|x64
		Release|x86 = Release|x86
	EndGlobalSection
	GlobalSection(ProjectConfigurationPlatforms) = postSolution
		{7846FDBB-329B-4890-A7F4-1868D36342FB}.Debug|x64.ActiveCfg = Debug|x64
		{7846FDBB-329B-4890-A7F4-1868D36342FB}.Debug|x64.Build.0 = Debug|x64
		{7846FDBB-329B-4890-A7F4-1868D36342FB}.Debug|x86.ActiveCfg = Debug|Win32
		{7846FDBB-329B-4890-A7F4-1868D36342FB}.Debug|x86.Build.0 = Debug|Win32
		{7846FDBB-329B-4890-A7F4-1868D36342FB}.Release|x64.ActiveCfg = Release|x64
		{7846FDBB-329B-4890-A7F4-1868D36342FB}.Release|x64.Build.0 = Release|x64
		{7846FDBB-329B-4890-A7F4-1868D36342FB}.Release|x86.ActiveCfg = Release|Win32
		{7846FDBB-329B-4890-A7F4-1868D36342FB}.Release|x86.Build.0 = Release|Win32
	EndGlobalSection
	GlobalSection(SolutionProperties) = preSolution
		HideSolutionNode = FALSE
	EndGlobalSection
	GlobalSection(ExtensibilityGlobals) = postSolution
		SolutionGuid = {3E25C138-47B4-4BF9-BAAE-D9030FE6432F}
	EndGlobalSection
EndGlobal
